
Microsoft Visual Studio Solution File, Format Version 12.00
# Visual Studio Version 17
VisualStudioVersion = 17.1.32319.34
MinimumVisualStudioVersion = 10.0.40219.1
Project("{FAE04EC0-301F-11D3-BF4B-00C04F79EFBC}") = "CodePreviewEditor", "CodePreviewEditor\CodePreviewEditor.csproj", "{51D79410-DBEE-4A7D-B289-47EAE8040AA4}"
EndProject
Project("{FAE04EC0-301F-11D3-BF4B-00C04F79EFBC}") = "ShellTestRig", "ShellTestRig\ShellTestRig.csproj", "{3EDC2D2F-E93C-45CA-83E7-A2FFBE4C62ED}"
EndProject
Project("{FAE04EC0-301F-11D3-BF4B-00C04F79EFBC}") = "PreviewEditor", "PreviewEditor\PreviewEditor.csproj", "{F4128880-3FD2-4F0F-8540-C1D5FA5DE12F}"
EndProject
Global
	GlobalSection(SolutionConfigurationPlatforms) = preSolution
		Debug|Any CPU = Debug|Any CPU
		Debug|x86 = Debug|x86
		Release|Any CPU = Release|Any CPU
		Release|x86 = Release|x86
	EndGlobalSection
	GlobalSection(ProjectConfigurationPlatforms) = postSolution
		{51D79410-DBEE-4A7D-B289-47EAE8040AA4}.Debug|Any CPU.ActiveCfg = Debug|Any CPU
		{51D79410-DBEE-4A7D-B289-47EAE8040AA4}.Debug|Any CPU.Build.0 = Debug|Any CPU
		{51D79410-DBEE-4A7D-B289-47EAE8040AA4}.Debug|x86.ActiveCfg = Debug|x86
		{51D79410-DBEE-4A7D-B289-47EAE8040AA4}.Debug|x86.Build.0 = Debug|x86
		{51D79410-DBEE-4A7D-B289-47EAE8040AA4}.Release|Any CPU.ActiveCfg = Release|Any CPU
		{51D79410-DBEE-4A7D-B289-47EAE8040AA4}.Release|Any CPU.Build.0 = Release|Any CPU
		{51D79410-DBEE-4A7D-B289-47EAE8040AA4}.Release|x86.ActiveCfg = Release|x86
		{51D79410-DBEE-4A7D-B289-47EAE8040AA4}.Release|x86.Build.0 = Release|x86
		{3EDC2D2F-E93C-45CA-83E7-A2FFBE4C62ED}.Debug|Any CPU.ActiveCfg = Debug|Any CPU
		{3EDC2D2F-E93C-45CA-83E7-A2FFBE4C62ED}.Debug|Any CPU.Build.0 = Debug|Any CPU
		{3EDC2D2F-E93C-45CA-83E7-A2FFBE4C62ED}.Debug|x86.ActiveCfg = Debug|Any CPU
		{3EDC2D2F-E93C-45CA-83E7-A2FFBE4C62ED}.Debug|x86.Build.0 = Debug|Any CPU
		{3EDC2D2F-E93C-45CA-83E7-A2FFBE4C62ED}.Release|Any CPU.ActiveCfg = Release|Any CPU
		{3EDC2D2F-E93C-45CA-83E7-A2FFBE4C62ED}.Release|Any CPU.Build.0 = Release|Any CPU
		{3EDC2D2F-E93C-45CA-83E7-A2FFBE4C62ED}.Release|x86.ActiveCfg = Release|Any CPU
		{3EDC2D2F-E93C-45CA-83E7-A2FFBE4C62ED}.Release|x86.Build.0 = Release|Any CPU
		{F4128880-3FD2-4F0F-8540-C1D5FA5DE12F}.Debug|Any CPU.ActiveCfg = Debug|Any CPU
		{F4128880-3FD2-4F0F-8540-C1D5FA5DE12F}.Debug|Any CPU.Build.0 = Debug|Any CPU
		{F4128880-3FD2-4F0F-8540-C1D5FA5DE12F}.Debug|x86.ActiveCfg = Debug|Any CPU
		{F4128880-3FD2-4F0F-8540-C1D5FA5DE12F}.Debug|x86.Build.0 = Debug|Any CPU
		{F4128880-3FD2-4F0F-8540-C1D5FA5DE12F}.Release|Any CPU.ActiveCfg = Release|Any CPU
		{F4128880-3FD2-4F0F-8540-C1D5FA5DE12F}.Release|Any CPU.Build.0 = Release|Any CPU
		{F4128880-3FD2-4F0F-8540-C1D5FA5DE12F}.Release|x86.ActiveCfg = Release|Any CPU
		{F4128880-3FD2-4F0F-8540-C1D5FA5DE12F}.Release|x86.Build.0 = Release|Any CPU
	EndGlobalSection
	GlobalSection(SolutionProperties) = preSolution
		HideSolutionNode = FALSE
	EndGlobalSection
	GlobalSection(ExtensibilityGlobals) = postSolution
		SolutionGuid = {E0201671-DE93-4DA7-AEE5-F34E9E6B71F9}
	EndGlobalSection
EndGlobal
