
Microsoft Visual Studio Solution File, Format Version 12.00
# Visual Studio Version 16
VisualStudioVersion = 16.0.28922.388
MinimumVisualStudioVersion = 10.0.40219.1
Project("{2150E333-8FDC-42A3-9474-1A3956D46DE8}") = "Samples", "Samples", "{E7C58EBD-5476-4A12-83EB-235DE68AF079}"
EndProject
Project("{F184B08F-C81C-45F6-A57F-5ABD9991F28F}") = "WpfHexEditor.Sample.VB", "Samples\WpfHexEditor.Sample.VB\WpfHexEditor.Sample.VB.vbproj", "{4A0357E6-BF23-4CBA-9AE8-9D451F978EE6}"
EndProject
Project("{FAE04EC0-301F-11D3-BF4B-00C04F79EFBC}") = "WpfHexEditor.Sample.Winform", "Samples\WpfHexEditor.Sample.Winform\WpfHexEditor.Sample.Winform.csproj", "{326EED14-1180-46CC-8583-E6A249A248B6}"
EndProject
Project("{9A19103F-16F7-4668-BE54-9A1E7A4F7556}") = "WpfHexEditorCore", "WPFHexaEditor\WpfHexEditorCore.csproj", "{A53B3778-BA1D-4C35-9DC8-7A21E8224872}"
EndProject
Project("{9A19103F-16F7-4668-BE54-9A1E7A4F7556}") = "WpfHexEditor.Sample", "Samples\WPFHexEditor.Sample.CSharp\WpfHexEditor.Sample.csproj", "{80EB8D57-296B-4CD3-99D6-C227FD3BA286}"
EndProject
Project("{FAE04EC0-301F-11D3-BF4B-00C04F79EFBC}") = "WpfHexEditor.Sample.AvalonDock", "Samples\WpfHexEditor.Sample.AvalonDock\WpfHexEditor.Sample.AvalonDock.csproj", "{6E3E68D0-8C8E-495E-84AC-A0DC9D52F369}"
EndProject
Project("{9A19103F-16F7-4668-BE54-9A1E7A4F7556}") = "WpfHexEditor.Sample.BarChart", "Samples\WpfHexEditor.Sample.BarChart\WpfHexEditor.Sample.BarChart.csproj", "{61C30859-C234-4AC4-BCCB-1BFE8202C2A6}"
EndProject
Project("{9A19103F-16F7-4668-BE54-9A1E7A4F7556}") = "WpfHexEditor.Sample.BinaryFilesDifference", "Samples\WpfHexEditor.Sample.BinaryFilesDifference\WpfHexEditor.Sample.BinaryFilesDifference.csproj", "{2652120F-9599-44A4-95F2-CBD71F6134F6}"
EndProject
Project("{FAE04EC0-301F-11D3-BF4B-00C04F79EFBC}") = "WpfHexEditor.Sample.InsertByteAnywhere", "Samples\WpfHexEditor.Sample.InsertByteAnywhere\WpfHexEditor.Sample.InsertByteAnywhere.csproj", "{3D2FA808-7163-4103-ADBE-9912D28F7ECE}"
EndProject
Global
	GlobalSection(SolutionConfigurationPlatforms) = preSolution
		Debug|Any CPU = Debug|Any CPU
		Debug|x64 = Debug|x64
		Debug|x86 = Debug|x86
		Release|Any CPU = Release|Any CPU
		Release|x64 = Release|x64
		Release|x86 = Release|x86
	EndGlobalSection
	GlobalSection(ProjectConfigurationPlatforms) = postSolution
		{4A0357E6-BF23-4CBA-9AE8-9D451F978EE6}.Debug|Any CPU.ActiveCfg = Debug|Any CPU
		{4A0357E6-BF23-4CBA-9AE8-9D451F978EE6}.Debug|Any CPU.Build.0 = Debug|Any CPU
		{4A0357E6-BF23-4CBA-9AE8-9D451F978EE6}.Debug|x64.ActiveCfg = Debug|Any CPU
		{4A0357E6-BF23-4CBA-9AE8-9D451F978EE6}.Debug|x64.Build.0 = Debug|Any CPU
		{4A0357E6-BF23-4CBA-9AE8-9D451F978EE6}.Debug|x86.ActiveCfg = Debug|Any CPU
		{4A0357E6-BF23-4CBA-9AE8-9D451F978EE6}.Debug|x86.Build.0 = Debug|Any CPU
		{4A0357E6-BF23-4CBA-9AE8-9D451F978EE6}.Release|Any CPU.ActiveCfg = Release|Any CPU
		{4A0357E6-BF23-4CBA-9AE8-9D451F978EE6}.Release|Any CPU.Build.0 = Release|Any CPU
		{4A0357E6-BF23-4CBA-9AE8-9D451F978EE6}.Release|x64.ActiveCfg = Release|Any CPU
		{4A0357E6-BF23-4CBA-9AE8-9D451F978EE6}.Release|x64.Build.0 = Release|Any CPU
		{4A0357E6-BF23-4CBA-9AE8-9D451F978EE6}.Release|x86.ActiveCfg = Release|Any CPU
		{4A0357E6-BF23-4CBA-9AE8-9D451F978EE6}.Release|x86.Build.0 = Release|Any CPU
		{326EED14-1180-46CC-8583-E6A249A248B6}.Debug|Any CPU.ActiveCfg = Debug|Any CPU
		{326EED14-1180-46CC-8583-E6A249A248B6}.Debug|Any CPU.Build.0 = Debug|Any CPU
		{326EED14-1180-46CC-8583-E6A249A248B6}.Debug|x64.ActiveCfg = Debug|Any CPU
		{326EED14-1180-46CC-8583-E6A249A248B6}.Debug|x64.Build.0 = Debug|Any CPU
		{326EED14-1180-46CC-8583-E6A249A248B6}.Debug|x86.ActiveCfg = Debug|Any CPU
		{326EED14-1180-46CC-8583-E6A249A248B6}.Debug|x86.Build.0 = Debug|Any CPU
		{326EED14-1180-46CC-8583-E6A249A248B6}.Release|Any CPU.ActiveCfg = Release|Any CPU
		{326EED14-1180-46CC-8583-E6A249A248B6}.Release|Any CPU.Build.0 = Release|Any CPU
		{326EED14-1180-46CC-8583-E6A249A248B6}.Release|x64.ActiveCfg = Release|Any CPU
		{326EED14-1180-46CC-8583-E6A249A248B6}.Release|x64.Build.0 = Release|Any CPU
		{326EED14-1180-46CC-8583-E6A249A248B6}.Release|x86.ActiveCfg = Release|Any CPU
		{326EED14-1180-46CC-8583-E6A249A248B6}.Release|x86.Build.0 = Release|Any CPU
		{A53B3778-BA1D-4C35-9DC8-7A21E8224872}.Debug|Any CPU.ActiveCfg = Debug|Any CPU
		{A53B3778-BA1D-4C35-9DC8-7A21E8224872}.Debug|Any CPU.Build.0 = Debug|Any CPU
		{A53B3778-BA1D-4C35-9DC8-7A21E8224872}.Debug|x64.ActiveCfg = Debug|Any CPU
		{A53B3778-BA1D-4C35-9DC8-7A21E8224872}.Debug|x64.Build.0 = Debug|Any CPU
		{A53B3778-BA1D-4C35-9DC8-7A21E8224872}.Debug|x86.ActiveCfg = Debug|Any CPU
		{A53B3778-BA1D-4C35-9DC8-7A21E8224872}.Debug|x86.Build.0 = Debug|Any CPU
		{A53B3778-BA1D-4C35-9DC8-7A21E8224872}.Release|Any CPU.ActiveCfg = Release|Any CPU
		{A53B3778-BA1D-4C35-9DC8-7A21E8224872}.Release|Any CPU.Build.0 = Release|Any CPU
		{A53B3778-BA1D-4C35-9DC8-7A21E8224872}.Release|x64.ActiveCfg = Release|Any CPU
		{A53B3778-BA1D-4C35-9DC8-7A21E8224872}.Release|x64.Build.0 = Release|Any CPU
		{A53B3778-BA1D-4C35-9DC8-7A21E8224872}.Release|x86.ActiveCfg = Release|Any CPU
		{A53B3778-BA1D-4C35-9DC8-7A21E8224872}.Release|x86.Build.0 = Release|Any CPU
		{80EB8D57-296B-4CD3-99D6-C227FD3BA286}.Debug|Any CPU.ActiveCfg = Debug|Any CPU
		{80EB8D57-296B-4CD3-99D6-C227FD3BA286}.Debug|Any CPU.Build.0 = Debug|Any CPU
		{80EB8D57-296B-4CD3-99D6-C227FD3BA286}.Debug|x64.ActiveCfg = Debug|Any CPU
		{80EB8D57-296B-4CD3-99D6-C227FD3BA286}.Debug|x64.Build.0 = Debug|Any CPU
		{80EB8D57-296B-4CD3-99D6-C227FD3BA286}.Debug|x86.ActiveCfg = Debug|Any CPU
		{80EB8D57-296B-4CD3-99D6-C227FD3BA286}.Debug|x86.Build.0 = Debug|Any CPU
		{80EB8D57-296B-4CD3-99D6-C227FD3BA286}.Release|Any CPU.ActiveCfg = Release|Any CPU
		{80EB8D57-296B-4CD3-99D6-C227FD3BA286}.Release|Any CPU.Build.0 = Release|Any CPU
		{80EB8D57-296B-4CD3-99D6-C227FD3BA286}.Release|x64.ActiveCfg = Release|Any CPU
		{80EB8D57-296B-4CD3-99D6-C227FD3BA286}.Release|x64.Build.0 = Release|Any CPU
		{80EB8D57-296B-4CD3-99D6-C227FD3BA286}.Release|x86.ActiveCfg = Release|Any CPU
		{80EB8D57-296B-4CD3-99D6-C227FD3BA286}.Release|x86.Build.0 = Release|Any CPU
		{6E3E68D0-8C8E-495E-84AC-A0DC9D52F369}.Debug|Any CPU.ActiveCfg = Debug|Any CPU
		{6E3E68D0-8C8E-495E-84AC-A0DC9D52F369}.Debug|Any CPU.Build.0 = Debug|Any CPU
		{6E3E68D0-8C8E-495E-84AC-A0DC9D52F369}.Debug|x64.ActiveCfg = Debug|Any CPU
		{6E3E68D0-8C8E-495E-84AC-A0DC9D52F369}.Debug|x64.Build.0 = Debug|Any CPU
		{6E3E68D0-8C8E-495E-84AC-A0DC9D52F369}.Debug|x86.ActiveCfg = Debug|Any CPU
		{6E3E68D0-8C8E-495E-84AC-A0DC9D52F369}.Debug|x86.Build.0 = Debug|Any CPU
		{6E3E68D0-8C8E-495E-84AC-A0DC9D52F369}.Release|Any CPU.ActiveCfg = Release|Any CPU
		{6E3E68D0-8C8E-495E-84AC-A0DC9D52F369}.Release|Any CPU.Build.0 = Release|Any CPU
		{6E3E68D0-8C8E-495E-84AC-A0DC9D52F369}.Release|x64.ActiveCfg = Release|Any CPU
		{6E3E68D0-8C8E-495E-84AC-A0DC9D52F369}.Release|x64.Build.0 = Release|Any CPU
		{6E3E68D0-8C8E-495E-84AC-A0DC9D52F369}.Release|x86.ActiveCfg = Release|Any CPU
		{6E3E68D0-8C8E-495E-84AC-A0DC9D52F369}.Release|x86.Build.0 = Release|Any CPU
		{61C30859-C234-4AC4-BCCB-1BFE8202C2A6}.Debug|Any CPU.ActiveCfg = Debug|Any CPU
		{61C30859-C234-4AC4-BCCB-1BFE8202C2A6}.Debug|Any CPU.Build.0 = Debug|Any CPU
		{61C30859-C234-4AC4-BCCB-1BFE8202C2A6}.Debug|x64.ActiveCfg = Debug|Any CPU
		{61C30859-C234-4AC4-BCCB-1BFE8202C2A6}.Debug|x64.Build.0 = Debug|Any CPU
		{61C30859-C234-4AC4-BCCB-1BFE8202C2A6}.Debug|x86.ActiveCfg = Debug|Any CPU
		{61C30859-C234-4AC4-BCCB-1BFE8202C2A6}.Debug|x86.Build.0 = Debug|Any CPU
		{61C30859-C234-4AC4-BCCB-1BFE8202C2A6}.Release|Any CPU.ActiveCfg = Release|Any CPU
		{61C30859-C234-4AC4-BCCB-1BFE8202C2A6}.Release|Any CPU.Build.0 = Release|Any CPU
		{61C30859-C234-4AC4-BCCB-1BFE8202C2A6}.Release|x64.ActiveCfg = Release|Any CPU
		{61C30859-C234-4AC4-BCCB-1BFE8202C2A6}.Release|x64.Build.0 = Release|Any CPU
		{61C30859-C234-4AC4-BCCB-1BFE8202C2A6}.Release|x86.ActiveCfg = Release|Any CPU
		{61C30859-C234-4AC4-BCCB-1BFE8202C2A6}.Release|x86.Build.0 = Release|Any CPU
		{2652120F-9599-44A4-95F2-CBD71F6134F6}.Debug|Any CPU.ActiveCfg = Debug|Any CPU
		{2652120F-9599-44A4-95F2-CBD71F6134F6}.Debug|Any CPU.Build.0 = Debug|Any CPU
		{2652120F-9599-44A4-95F2-CBD71F6134F6}.Debug|x64.ActiveCfg = Debug|Any CPU
		{2652120F-9599-44A4-95F2-CBD71F6134F6}.Debug|x64.Build.0 = Debug|Any CPU
		{2652120F-9599-44A4-95F2-CBD71F6134F6}.Debug|x86.ActiveCfg = Debug|Any CPU
		{2652120F-9599-44A4-95F2-CBD71F6134F6}.Debug|x86.Build.0 = Debug|Any CPU
		{2652120F-9599-44A4-95F2-CBD71F6134F6}.Release|Any CPU.ActiveCfg = Release|Any CPU
		{2652120F-9599-44A4-95F2-CBD71F6134F6}.Release|Any CPU.Build.0 = Release|Any CPU
		{2652120F-9599-44A4-95F2-CBD71F6134F6}.Release|x64.ActiveCfg = Release|Any CPU
		{2652120F-9599-44A4-95F2-CBD71F6134F6}.Release|x64.Build.0 = Release|Any CPU
		{2652120F-9599-44A4-95F2-CBD71F6134F6}.Release|x86.ActiveCfg = Release|Any CPU
		{2652120F-9599-44A4-95F2-CBD71F6134F6}.Release|x86.Build.0 = Release|Any CPU
		{3D2FA808-7163-4103-ADBE-9912D28F7ECE}.Debug|Any CPU.ActiveCfg = Debug|Any CPU
		{3D2FA808-7163-4103-ADBE-9912D28F7ECE}.Debug|Any CPU.Build.0 = Debug|Any CPU
		{3D2FA808-7163-4103-ADBE-9912D28F7ECE}.Debug|x64.ActiveCfg = Debug|Any CPU
		{3D2FA808-7163-4103-ADBE-9912D28F7ECE}.Debug|x64.Build.0 = Debug|Any CPU
		{3D2FA808-7163-4103-ADBE-9912D28F7ECE}.Debug|x86.ActiveCfg = Debug|Any CPU
		{3D2FA808-7163-4103-ADBE-9912D28F7ECE}.Debug|x86.Build.0 = Debug|Any CPU
		{3D2FA808-7163-4103-ADBE-9912D28F7ECE}.Release|Any CPU.ActiveCfg = Release|Any CPU
		{3D2FA808-7163-4103-ADBE-9912D28F7ECE}.Release|Any CPU.Build.0 = Release|Any CPU
		{3D2FA808-7163-4103-ADBE-9912D28F7ECE}.Release|x64.ActiveCfg = Release|Any CPU
		{3D2FA808-7163-4103-ADBE-9912D28F7ECE}.Release|x64.Build.0 = Release|Any CPU
		{3D2FA808-7163-4103-ADBE-9912D28F7ECE}.Release|x86.ActiveCfg = Release|Any CPU
		{3D2FA808-7163-4103-ADBE-9912D28F7ECE}.Release|x86.Build.0 = Release|Any CPU
	EndGlobalSection
	GlobalSection(SolutionProperties) = preSolution
		HideSolutionNode = FALSE
	EndGlobalSection
	GlobalSection(NestedProjects) = preSolution
		{4A0357E6-BF23-4CBA-9AE8-9D451F978EE6} = {E7C58EBD-5476-4A12-83EB-235DE68AF079}
		{326EED14-1180-46CC-8583-E6A249A248B6} = {E7C58EBD-5476-4A12-83EB-235DE68AF079}
		{80EB8D57-296B-4CD3-99D6-C227FD3BA286} = {E7C58EBD-5476-4A12-83EB-235DE68AF079}
		{6E3E68D0-8C8E-495E-84AC-A0DC9D52F369} = {E7C58EBD-5476-4A12-83EB-235DE68AF079}
		{61C30859-C234-4AC4-BCCB-1BFE8202C2A6} = {E7C58EBD-5476-4A12-83EB-235DE68AF079}
		{2652120F-9599-44A4-95F2-CBD71F6134F6} = {E7C58EBD-5476-4A12-83EB-235DE68AF079}
		{3D2FA808-7163-4103-ADBE-9912D28F7ECE} = {E7C58EBD-5476-4A12-83EB-235DE68AF079}
	EndGlobalSection
	GlobalSection(ExtensibilityGlobals) = postSolution
		SolutionGuid = {5B382CAE-4846-466E-A3D3-0842043B4012}
	EndGlobalSection
	GlobalSection(Performance) = preSolution
		HasPerformanceSessions = true
	EndGlobalSection
	GlobalSection(Performance) = preSolution
		HasPerformanceSessions = true
	EndGlobalSection
EndGlobal
